// !$*UTF8*$!
{
	archiveVersion = 1;
	classes = {
	};
	objectVersion = 46;
	objects = {

/* Begin PBXBuildFile section */
		9D74EEBF17A712E900BEE89F /* MIKMIDI-Prefix.pch in Headers */ = {isa = PBXBuildFile; fileRef = 9D74EEBE17A712E900BEE89F /* MIKMIDI-Prefix.pch */; };
		9D74EEC417A712F100BEE89F /* InfoPlist.strings in Resources */ = {isa = PBXBuildFile; fileRef = 9D74EEC117A712F100BEE89F /* InfoPlist.strings */; };
		9D74EF6317A713A100BEE89F /* MIKMIDI.h in Headers */ = {isa = PBXBuildFile; fileRef = 9D74EF3017A713A100BEE89F /* MIKMIDI.h */; settings = {ATTRIBUTES = (Public, ); }; };
		9D74EF6417A713A100BEE89F /* MIKMIDIChannelVoiceCommand.h in Headers */ = {isa = PBXBuildFile; fileRef = 9D74EF3117A713A100BEE89F /* MIKMIDIChannelVoiceCommand.h */; settings = {ATTRIBUTES = (Public, ); }; };
		9D74EF6517A713A100BEE89F /* MIKMIDIChannelVoiceCommand.m in Sources */ = {isa = PBXBuildFile; fileRef = 9D74EF3217A713A100BEE89F /* MIKMIDIChannelVoiceCommand.m */; };
		9D74EF6617A713A100BEE89F /* MIKMIDICommand.h in Headers */ = {isa = PBXBuildFile; fileRef = 9D74EF3317A713A100BEE89F /* MIKMIDICommand.h */; settings = {ATTRIBUTES = (Public, ); }; };
		9D74EF6717A713A100BEE89F /* MIKMIDICommand.m in Sources */ = {isa = PBXBuildFile; fileRef = 9D74EF3417A713A100BEE89F /* MIKMIDICommand.m */; };
		9D74EF6817A713A100BEE89F /* MIKMIDICommand_SubclassMethods.h in Headers */ = {isa = PBXBuildFile; fileRef = 9D74EF3517A713A100BEE89F /* MIKMIDICommand_SubclassMethods.h */; };
		9D74EF6917A713A100BEE89F /* MIKMIDIControlChangeCommand.h in Headers */ = {isa = PBXBuildFile; fileRef = 9D74EF3617A713A100BEE89F /* MIKMIDIControlChangeCommand.h */; settings = {ATTRIBUTES = (Public, ); }; };
		9D74EF6A17A713A100BEE89F /* MIKMIDIControlChangeCommand.m in Sources */ = {isa = PBXBuildFile; fileRef = 9D74EF3717A713A100BEE89F /* MIKMIDIControlChangeCommand.m */; };
		9D74EF6B17A713A100BEE89F /* MIKMIDIDestinationEndpoint.h in Headers */ = {isa = PBXBuildFile; fileRef = 9D74EF3817A713A100BEE89F /* MIKMIDIDestinationEndpoint.h */; settings = {ATTRIBUTES = (Public, ); }; };
		9D74EF6C17A713A100BEE89F /* MIKMIDIDestinationEndpoint.m in Sources */ = {isa = PBXBuildFile; fileRef = 9D74EF3917A713A100BEE89F /* MIKMIDIDestinationEndpoint.m */; };
		9D74EF6D17A713A100BEE89F /* MIKMIDIDevice.h in Headers */ = {isa = PBXBuildFile; fileRef = 9D74EF3A17A713A100BEE89F /* MIKMIDIDevice.h */; settings = {ATTRIBUTES = (Public, ); }; };
		9D74EF6E17A713A100BEE89F /* MIKMIDIDevice.m in Sources */ = {isa = PBXBuildFile; fileRef = 9D74EF3B17A713A100BEE89F /* MIKMIDIDevice.m */; };
		9D74EF6F17A713A100BEE89F /* MIKMIDIDeviceManager.h in Headers */ = {isa = PBXBuildFile; fileRef = 9D74EF3C17A713A100BEE89F /* MIKMIDIDeviceManager.h */; settings = {ATTRIBUTES = (Public, ); }; };
		9D74EF7017A713A100BEE89F /* MIKMIDIDeviceManager.m in Sources */ = {isa = PBXBuildFile; fileRef = 9D74EF3D17A713A100BEE89F /* MIKMIDIDeviceManager.m */; };
		9D74EF7117A713A100BEE89F /* MIKMIDIEndpoint.h in Headers */ = {isa = PBXBuildFile; fileRef = 9D74EF3E17A713A100BEE89F /* MIKMIDIEndpoint.h */; settings = {ATTRIBUTES = (Public, ); }; };
		9D74EF7217A713A100BEE89F /* MIKMIDIEndpoint.m in Sources */ = {isa = PBXBuildFile; fileRef = 9D74EF3F17A713A100BEE89F /* MIKMIDIEndpoint.m */; };
		9D74EF7317A713A100BEE89F /* MIKMIDIEntity.h in Headers */ = {isa = PBXBuildFile; fileRef = 9D74EF4017A713A100BEE89F /* MIKMIDIEntity.h */; settings = {ATTRIBUTES = (Public, ); }; };
		9D74EF7417A713A100BEE89F /* MIKMIDIEntity.m in Sources */ = {isa = PBXBuildFile; fileRef = 9D74EF4117A713A100BEE89F /* MIKMIDIEntity.m */; };
		9D74EF7517A713A100BEE89F /* MIKMIDIErrors.h in Headers */ = {isa = PBXBuildFile; fileRef = 9D74EF4217A713A100BEE89F /* MIKMIDIErrors.h */; settings = {ATTRIBUTES = (Public, ); }; };
		9D74EF7617A713A100BEE89F /* MIKMIDIErrors.m in Sources */ = {isa = PBXBuildFile; fileRef = 9D74EF4317A713A100BEE89F /* MIKMIDIErrors.m */; };
		9D74EF7717A713A100BEE89F /* MIKMIDIInputPort.h in Headers */ = {isa = PBXBuildFile; fileRef = 9D74EF4417A713A100BEE89F /* MIKMIDIInputPort.h */; settings = {ATTRIBUTES = (Public, ); }; };
		9D74EF7817A713A100BEE89F /* MIKMIDIInputPort.m in Sources */ = {isa = PBXBuildFile; fileRef = 9D74EF4517A713A100BEE89F /* MIKMIDIInputPort.m */; };
		9D74EF7917A713A100BEE89F /* MIKMIDIMapping.h in Headers */ = {isa = PBXBuildFile; fileRef = 9D74EF4617A713A100BEE89F /* MIKMIDIMapping.h */; settings = {ATTRIBUTES = (Public, ); }; };
		9D74EF7A17A713A100BEE89F /* MIKMIDIMapping.m in Sources */ = {isa = PBXBuildFile; fileRef = 9D74EF4717A713A100BEE89F /* MIKMIDIMapping.m */; };
		9D74EF7B17A713A100BEE89F /* MIKMIDIMappingGenerator.h in Headers */ = {isa = PBXBuildFile; fileRef = 9D74EF4817A713A100BEE89F /* MIKMIDIMappingGenerator.h */; settings = {ATTRIBUTES = (Public, ); }; };
		9D74EF7C17A713A100BEE89F /* MIKMIDIMappingGenerator.m in Sources */ = {isa = PBXBuildFile; fileRef = 9D74EF4917A713A100BEE89F /* MIKMIDIMappingGenerator.m */; };
		9D74EF7D17A713A100BEE89F /* MIKMIDIMappingManager.h in Headers */ = {isa = PBXBuildFile; fileRef = 9D74EF4A17A713A100BEE89F /* MIKMIDIMappingManager.h */; settings = {ATTRIBUTES = (Public, ); }; };
		9D74EF7E17A713A100BEE89F /* MIKMIDIMappingManager.m in Sources */ = {isa = PBXBuildFile; fileRef = 9D74EF4B17A713A100BEE89F /* MIKMIDIMappingManager.m */; };
		9D74EF7F17A713A100BEE89F /* MIKMIDINoteOffCommand.h in Headers */ = {isa = PBXBuildFile; fileRef = 9D74EF4C17A713A100BEE89F /* MIKMIDINoteOffCommand.h */; settings = {ATTRIBUTES = (Public, ); }; };
		9D74EF8017A713A100BEE89F /* MIKMIDINoteOffCommand.m in Sources */ = {isa = PBXBuildFile; fileRef = 9D74EF4D17A713A100BEE89F /* MIKMIDINoteOffCommand.m */; };
		9D74EF8117A713A100BEE89F /* MIKMIDINoteOnCommand.h in Headers */ = {isa = PBXBuildFile; fileRef = 9D74EF4E17A713A100BEE89F /* MIKMIDINoteOnCommand.h */; settings = {ATTRIBUTES = (Public, ); }; };
		9D74EF8217A713A100BEE89F /* MIKMIDINoteOnCommand.m in Sources */ = {isa = PBXBuildFile; fileRef = 9D74EF4F17A713A100BEE89F /* MIKMIDINoteOnCommand.m */; };
		9D74EF8317A713A100BEE89F /* MIKMIDIObject.h in Headers */ = {isa = PBXBuildFile; fileRef = 9D74EF5017A713A100BEE89F /* MIKMIDIObject.h */; settings = {ATTRIBUTES = (Public, ); }; };
		9D74EF8417A713A100BEE89F /* MIKMIDIObject.m in Sources */ = {isa = PBXBuildFile; fileRef = 9D74EF5117A713A100BEE89F /* MIKMIDIObject.m */; };
		9D74EF8517A713A100BEE89F /* MIKMIDIObject_SubclassMethods.h in Headers */ = {isa = PBXBuildFile; fileRef = 9D74EF5217A713A100BEE89F /* MIKMIDIObject_SubclassMethods.h */; };
		9D74EF8617A713A100BEE89F /* MIKMIDIOutputPort.h in Headers */ = {isa = PBXBuildFile; fileRef = 9D74EF5317A713A100BEE89F /* MIKMIDIOutputPort.h */; settings = {ATTRIBUTES = (Public, ); }; };
		9D74EF8717A713A100BEE89F /* MIKMIDIOutputPort.m in Sources */ = {isa = PBXBuildFile; fileRef = 9D74EF5417A713A100BEE89F /* MIKMIDIOutputPort.m */; };
		9D74EF8817A713A100BEE89F /* MIKMIDIPort.h in Headers */ = {isa = PBXBuildFile; fileRef = 9D74EF5517A713A100BEE89F /* MIKMIDIPort.h */; settings = {ATTRIBUTES = (Public, ); }; };
		9D74EF8917A713A100BEE89F /* MIKMIDIPort.m in Sources */ = {isa = PBXBuildFile; fileRef = 9D74EF5617A713A100BEE89F /* MIKMIDIPort.m */; };
		9D74EF8A17A713A100BEE89F /* MIKMIDIPort_SubclassMethods.h in Headers */ = {isa = PBXBuildFile; fileRef = 9D74EF5717A713A100BEE89F /* MIKMIDIPort_SubclassMethods.h */; };
		9D74EF8B17A713A100BEE89F /* MIKMIDIResponder.h in Headers */ = {isa = PBXBuildFile; fileRef = 9D74EF5817A713A100BEE89F /* MIKMIDIResponder.h */; settings = {ATTRIBUTES = (Public, ); }; };
		9D74EF8C17A713A100BEE89F /* MIKMIDISourceEndpoint.h in Headers */ = {isa = PBXBuildFile; fileRef = 9D74EF5917A713A100BEE89F /* MIKMIDISourceEndpoint.h */; settings = {ATTRIBUTES = (Public, ); }; };
		9D74EF8D17A713A100BEE89F /* MIKMIDISourceEndpoint.m in Sources */ = {isa = PBXBuildFile; fileRef = 9D74EF5A17A713A100BEE89F /* MIKMIDISourceEndpoint.m */; };
		9D74EF8E17A713A100BEE89F /* MIKMIDISystemExclusiveCommand.h in Headers */ = {isa = PBXBuildFile; fileRef = 9D74EF5B17A713A100BEE89F /* MIKMIDISystemExclusiveCommand.h */; settings = {ATTRIBUTES = (Public, ); }; };
		9D74EF8F17A713A100BEE89F /* MIKMIDISystemExclusiveCommand.m in Sources */ = {isa = PBXBuildFile; fileRef = 9D74EF5C17A713A100BEE89F /* MIKMIDISystemExclusiveCommand.m */; };
		9D74EF9017A713A100BEE89F /* MIKMIDISystemMessageCommand.h in Headers */ = {isa = PBXBuildFile; fileRef = 9D74EF5D17A713A100BEE89F /* MIKMIDISystemMessageCommand.h */; settings = {ATTRIBUTES = (Public, ); }; };
		9D74EF9117A713A100BEE89F /* MIKMIDISystemMessageCommand.m in Sources */ = {isa = PBXBuildFile; fileRef = 9D74EF5E17A713A100BEE89F /* MIKMIDISystemMessageCommand.m */; };
		9D74EF9217A713A100BEE89F /* MIKMIDIUtilities.h in Headers */ = {isa = PBXBuildFile; fileRef = 9D74EF5F17A713A100BEE89F /* MIKMIDIUtilities.h */; settings = {ATTRIBUTES = (Public, ); }; };
		9D74EF9317A713A100BEE89F /* MIKMIDIUtilities.m in Sources */ = {isa = PBXBuildFile; fileRef = 9D74EF6017A713A100BEE89F /* MIKMIDIUtilities.m */; };
		9D74EF9417A713A100BEE89F /* NSUIApplication+MIKMIDI.h in Headers */ = {isa = PBXBuildFile; fileRef = 9D74EF6117A713A100BEE89F /* NSUIApplication+MIKMIDI.h */; settings = {ATTRIBUTES = (Public, ); }; };
		9D74EF9517A713A100BEE89F /* NSUIApplication+MIKMIDI.m in Sources */ = {isa = PBXBuildFile; fileRef = 9D74EF6217A713A100BEE89F /* NSUIApplication+MIKMIDI.m */; };
		9DF99E791831841A004EE5F4 /* MIKMIDICommandThrottler.h in Headers */ = {isa = PBXBuildFile; fileRef = 9DF99E771831841A004EE5F4 /* MIKMIDICommandThrottler.h */; settings = {ATTRIBUTES = (Public, ); }; };
		9DF99E7A1831841A004EE5F4 /* MIKMIDICommandThrottler.m in Sources */ = {isa = PBXBuildFile; fileRef = 9DF99E781831841A004EE5F4 /* MIKMIDICommandThrottler.m */; };
		9DF99E7D18318D44004EE5F4 /* MIKMIDIPrivateUtilities.h in Headers */ = {isa = PBXBuildFile; fileRef = 9DF99E7B18318D44004EE5F4 /* MIKMIDIPrivateUtilities.h */; };
		9DF99E7E18318D44004EE5F4 /* MIKMIDIPrivateUtilities.m in Sources */ = {isa = PBXBuildFile; fileRef = 9DF99E7C18318D44004EE5F4 /* MIKMIDIPrivateUtilities.m */; };
		9DFDC2B81820305C00C4C66D /* MIKMIDIPrivate.h in Headers */ = {isa = PBXBuildFile; fileRef = 9DFDC2B61820305C00C4C66D /* MIKMIDIPrivate.h */; };
/* End PBXBuildFile section */

/* Begin PBXFileReference section */
		9D74EEA517A7129300BEE89F /* MIKMIDI.framework */ = {isa = PBXFileReference; explicitFileType = wrapper.framework; includeInIndex = 0; path = MIKMIDI.framework; sourceTree = BUILT_PRODUCTS_DIR; };
		9D74EEA817A7129300BEE89F /* Cocoa.framework */ = {isa = PBXFileReference; lastKnownFileType = wrapper.framework; name = Cocoa.framework; path = System/Library/Frameworks/Cocoa.framework; sourceTree = SDKROOT; };
		9D74EEAB17A7129300BEE89F /* AppKit.framework */ = {isa = PBXFileReference; lastKnownFileType = wrapper.framework; name = AppKit.framework; path = System/Library/Frameworks/AppKit.framework; sourceTree = SDKROOT; };
		9D74EEAC17A7129300BEE89F /* CoreData.framework */ = {isa = PBXFileReference; lastKnownFileType = wrapper.framework; name = CoreData.framework; path = System/Library/Frameworks/CoreData.framework; sourceTree = SDKROOT; };
		9D74EEAD17A7129300BEE89F /* Foundation.framework */ = {isa = PBXFileReference; lastKnownFileType = wrapper.framework; name = Foundation.framework; path = System/Library/Frameworks/Foundation.framework; sourceTree = SDKROOT; };
		9D74EEBE17A712E900BEE89F /* MIKMIDI-Prefix.pch */ = {isa = PBXFileReference; fileEncoding = 4; lastKnownFileType = sourcecode.c.h; path = "MIKMIDI-Prefix.pch"; sourceTree = SOURCE_ROOT; };
		9D74EEC217A712F100BEE89F /* en */ = {isa = PBXFileReference; lastKnownFileType = text.plist.strings; name = en; path = InfoPlist.strings; sourceTree = "<group>"; };
		9D74EEC317A712F100BEE89F /* MIKMIDI-Info.plist */ = {isa = PBXFileReference; fileEncoding = 4; lastKnownFileType = text.plist.xml; path = "MIKMIDI-Info.plist"; sourceTree = SOURCE_ROOT; };
		9D74EF2D17A7133900BEE89F /* CoreMIDI.framework */ = {isa = PBXFileReference; lastKnownFileType = wrapper.framework; name = CoreMIDI.framework; path = System/Library/Frameworks/CoreMIDI.framework; sourceTree = SDKROOT; };
		9D74EF3017A713A100BEE89F /* MIKMIDI.h */ = {isa = PBXFileReference; fileEncoding = 4; lastKnownFileType = sourcecode.c.h; path = MIKMIDI.h; sourceTree = "<group>"; };
		9D74EF3117A713A100BEE89F /* MIKMIDIChannelVoiceCommand.h */ = {isa = PBXFileReference; fileEncoding = 4; lastKnownFileType = sourcecode.c.h; path = MIKMIDIChannelVoiceCommand.h; sourceTree = "<group>"; };
		9D74EF3217A713A100BEE89F /* MIKMIDIChannelVoiceCommand.m */ = {isa = PBXFileReference; fileEncoding = 4; lastKnownFileType = sourcecode.c.objc; path = MIKMIDIChannelVoiceCommand.m; sourceTree = "<group>"; };
		9D74EF3317A713A100BEE89F /* MIKMIDICommand.h */ = {isa = PBXFileReference; fileEncoding = 4; lastKnownFileType = sourcecode.c.h; path = MIKMIDICommand.h; sourceTree = "<group>"; };
		9D74EF3417A713A100BEE89F /* MIKMIDICommand.m */ = {isa = PBXFileReference; fileEncoding = 4; lastKnownFileType = sourcecode.c.objc; path = MIKMIDICommand.m; sourceTree = "<group>"; };
		9D74EF3517A713A100BEE89F /* MIKMIDICommand_SubclassMethods.h */ = {isa = PBXFileReference; fileEncoding = 4; lastKnownFileType = sourcecode.c.h; path = MIKMIDICommand_SubclassMethods.h; sourceTree = "<group>"; };
		9D74EF3617A713A100BEE89F /* MIKMIDIControlChangeCommand.h */ = {isa = PBXFileReference; fileEncoding = 4; lastKnownFileType = sourcecode.c.h; path = MIKMIDIControlChangeCommand.h; sourceTree = "<group>"; };
		9D74EF3717A713A100BEE89F /* MIKMIDIControlChangeCommand.m */ = {isa = PBXFileReference; fileEncoding = 4; lastKnownFileType = sourcecode.c.objc; path = MIKMIDIControlChangeCommand.m; sourceTree = "<group>"; };
		9D74EF3817A713A100BEE89F /* MIKMIDIDestinationEndpoint.h */ = {isa = PBXFileReference; fileEncoding = 4; lastKnownFileType = sourcecode.c.h; path = MIKMIDIDestinationEndpoint.h; sourceTree = "<group>"; };
		9D74EF3917A713A100BEE89F /* MIKMIDIDestinationEndpoint.m */ = {isa = PBXFileReference; fileEncoding = 4; lastKnownFileType = sourcecode.c.objc; path = MIKMIDIDestinationEndpoint.m; sourceTree = "<group>"; };
		9D74EF3A17A713A100BEE89F /* MIKMIDIDevice.h */ = {isa = PBXFileReference; fileEncoding = 4; lastKnownFileType = sourcecode.c.h; path = MIKMIDIDevice.h; sourceTree = "<group>"; };
		9D74EF3B17A713A100BEE89F /* MIKMIDIDevice.m */ = {isa = PBXFileReference; fileEncoding = 4; lastKnownFileType = sourcecode.c.objc; path = MIKMIDIDevice.m; sourceTree = "<group>"; };
		9D74EF3C17A713A100BEE89F /* MIKMIDIDeviceManager.h */ = {isa = PBXFileReference; fileEncoding = 4; lastKnownFileType = sourcecode.c.h; path = MIKMIDIDeviceManager.h; sourceTree = "<group>"; };
		9D74EF3D17A713A100BEE89F /* MIKMIDIDeviceManager.m */ = {isa = PBXFileReference; fileEncoding = 4; lastKnownFileType = sourcecode.c.objc; path = MIKMIDIDeviceManager.m; sourceTree = "<group>"; };
		9D74EF3E17A713A100BEE89F /* MIKMIDIEndpoint.h */ = {isa = PBXFileReference; fileEncoding = 4; lastKnownFileType = sourcecode.c.h; path = MIKMIDIEndpoint.h; sourceTree = "<group>"; };
		9D74EF3F17A713A100BEE89F /* MIKMIDIEndpoint.m */ = {isa = PBXFileReference; fileEncoding = 4; lastKnownFileType = sourcecode.c.objc; path = MIKMIDIEndpoint.m; sourceTree = "<group>"; };
		9D74EF4017A713A100BEE89F /* MIKMIDIEntity.h */ = {isa = PBXFileReference; fileEncoding = 4; lastKnownFileType = sourcecode.c.h; path = MIKMIDIEntity.h; sourceTree = "<group>"; };
		9D74EF4117A713A100BEE89F /* MIKMIDIEntity.m */ = {isa = PBXFileReference; fileEncoding = 4; lastKnownFileType = sourcecode.c.objc; path = MIKMIDIEntity.m; sourceTree = "<group>"; };
		9D74EF4217A713A100BEE89F /* MIKMIDIErrors.h */ = {isa = PBXFileReference; fileEncoding = 4; lastKnownFileType = sourcecode.c.h; path = MIKMIDIErrors.h; sourceTree = "<group>"; };
		9D74EF4317A713A100BEE89F /* MIKMIDIErrors.m */ = {isa = PBXFileReference; fileEncoding = 4; lastKnownFileType = sourcecode.c.objc; path = MIKMIDIErrors.m; sourceTree = "<group>"; };
		9D74EF4417A713A100BEE89F /* MIKMIDIInputPort.h */ = {isa = PBXFileReference; fileEncoding = 4; lastKnownFileType = sourcecode.c.h; path = MIKMIDIInputPort.h; sourceTree = "<group>"; };
		9D74EF4517A713A100BEE89F /* MIKMIDIInputPort.m */ = {isa = PBXFileReference; fileEncoding = 4; lastKnownFileType = sourcecode.c.objc; path = MIKMIDIInputPort.m; sourceTree = "<group>"; };
		9D74EF4617A713A100BEE89F /* MIKMIDIMapping.h */ = {isa = PBXFileReference; fileEncoding = 4; lastKnownFileType = sourcecode.c.h; path = MIKMIDIMapping.h; sourceTree = "<group>"; };
		9D74EF4717A713A100BEE89F /* MIKMIDIMapping.m */ = {isa = PBXFileReference; fileEncoding = 4; lastKnownFileType = sourcecode.c.objc; path = MIKMIDIMapping.m; sourceTree = "<group>"; };
		9D74EF4817A713A100BEE89F /* MIKMIDIMappingGenerator.h */ = {isa = PBXFileReference; fileEncoding = 4; lastKnownFileType = sourcecode.c.h; path = MIKMIDIMappingGenerator.h; sourceTree = "<group>"; };
		9D74EF4917A713A100BEE89F /* MIKMIDIMappingGenerator.m */ = {isa = PBXFileReference; fileEncoding = 4; lastKnownFileType = sourcecode.c.objc; path = MIKMIDIMappingGenerator.m; sourceTree = "<group>"; };
		9D74EF4A17A713A100BEE89F /* MIKMIDIMappingManager.h */ = {isa = PBXFileReference; fileEncoding = 4; lastKnownFileType = sourcecode.c.h; path = MIKMIDIMappingManager.h; sourceTree = "<group>"; };
		9D74EF4B17A713A100BEE89F /* MIKMIDIMappingManager.m */ = {isa = PBXFileReference; fileEncoding = 4; lastKnownFileType = sourcecode.c.objc; path = MIKMIDIMappingManager.m; sourceTree = "<group>"; };
		9D74EF4C17A713A100BEE89F /* MIKMIDINoteOffCommand.h */ = {isa = PBXFileReference; fileEncoding = 4; lastKnownFileType = sourcecode.c.h; path = MIKMIDINoteOffCommand.h; sourceTree = "<group>"; };
		9D74EF4D17A713A100BEE89F /* MIKMIDINoteOffCommand.m */ = {isa = PBXFileReference; fileEncoding = 4; lastKnownFileType = sourcecode.c.objc; path = MIKMIDINoteOffCommand.m; sourceTree = "<group>"; };
		9D74EF4E17A713A100BEE89F /* MIKMIDINoteOnCommand.h */ = {isa = PBXFileReference; fileEncoding = 4; lastKnownFileType = sourcecode.c.h; path = MIKMIDINoteOnCommand.h; sourceTree = "<group>"; };
		9D74EF4F17A713A100BEE89F /* MIKMIDINoteOnCommand.m */ = {isa = PBXFileReference; fileEncoding = 4; lastKnownFileType = sourcecode.c.objc; path = MIKMIDINoteOnCommand.m; sourceTree = "<group>"; };
		9D74EF5017A713A100BEE89F /* MIKMIDIObject.h */ = {isa = PBXFileReference; fileEncoding = 4; lastKnownFileType = sourcecode.c.h; path = MIKMIDIObject.h; sourceTree = "<group>"; };
		9D74EF5117A713A100BEE89F /* MIKMIDIObject.m */ = {isa = PBXFileReference; fileEncoding = 4; lastKnownFileType = sourcecode.c.objc; path = MIKMIDIObject.m; sourceTree = "<group>"; };
		9D74EF5217A713A100BEE89F /* MIKMIDIObject_SubclassMethods.h */ = {isa = PBXFileReference; fileEncoding = 4; lastKnownFileType = sourcecode.c.h; path = MIKMIDIObject_SubclassMethods.h; sourceTree = "<group>"; };
		9D74EF5317A713A100BEE89F /* MIKMIDIOutputPort.h */ = {isa = PBXFileReference; fileEncoding = 4; lastKnownFileType = sourcecode.c.h; path = MIKMIDIOutputPort.h; sourceTree = "<group>"; };
		9D74EF5417A713A100BEE89F /* MIKMIDIOutputPort.m */ = {isa = PBXFileReference; fileEncoding = 4; lastKnownFileType = sourcecode.c.objc; path = MIKMIDIOutputPort.m; sourceTree = "<group>"; };
		9D74EF5517A713A100BEE89F /* MIKMIDIPort.h */ = {isa = PBXFileReference; fileEncoding = 4; lastKnownFileType = sourcecode.c.h; path = MIKMIDIPort.h; sourceTree = "<group>"; };
		9D74EF5617A713A100BEE89F /* MIKMIDIPort.m */ = {isa = PBXFileReference; fileEncoding = 4; lastKnownFileType = sourcecode.c.objc; path = MIKMIDIPort.m; sourceTree = "<group>"; };
		9D74EF5717A713A100BEE89F /* MIKMIDIPort_SubclassMethods.h */ = {isa = PBXFileReference; fileEncoding = 4; lastKnownFileType = sourcecode.c.h; path = MIKMIDIPort_SubclassMethods.h; sourceTree = "<group>"; };
		9D74EF5817A713A100BEE89F /* MIKMIDIResponder.h */ = {isa = PBXFileReference; fileEncoding = 4; lastKnownFileType = sourcecode.c.h; path = MIKMIDIResponder.h; sourceTree = "<group>"; };
		9D74EF5917A713A100BEE89F /* MIKMIDISourceEndpoint.h */ = {isa = PBXFileReference; fileEncoding = 4; lastKnownFileType = sourcecode.c.h; path = MIKMIDISourceEndpoint.h; sourceTree = "<group>"; };
		9D74EF5A17A713A100BEE89F /* MIKMIDISourceEndpoint.m */ = {isa = PBXFileReference; fileEncoding = 4; lastKnownFileType = sourcecode.c.objc; path = MIKMIDISourceEndpoint.m; sourceTree = "<group>"; };
		9D74EF5B17A713A100BEE89F /* MIKMIDISystemExclusiveCommand.h */ = {isa = PBXFileReference; fileEncoding = 4; lastKnownFileType = sourcecode.c.h; path = MIKMIDISystemExclusiveCommand.h; sourceTree = "<group>"; };
		9D74EF5C17A713A100BEE89F /* MIKMIDISystemExclusiveCommand.m */ = {isa = PBXFileReference; fileEncoding = 4; lastKnownFileType = sourcecode.c.objc; path = MIKMIDISystemExclusiveCommand.m; sourceTree = "<group>"; };
		9D74EF5D17A713A100BEE89F /* MIKMIDISystemMessageCommand.h */ = {isa = PBXFileReference; fileEncoding = 4; lastKnownFileType = sourcecode.c.h; path = MIKMIDISystemMessageCommand.h; sourceTree = "<group>"; };
		9D74EF5E17A713A100BEE89F /* MIKMIDISystemMessageCommand.m */ = {isa = PBXFileReference; fileEncoding = 4; lastKnownFileType = sourcecode.c.objc; path = MIKMIDISystemMessageCommand.m; sourceTree = "<group>"; };
		9D74EF5F17A713A100BEE89F /* MIKMIDIUtilities.h */ = {isa = PBXFileReference; fileEncoding = 4; lastKnownFileType = sourcecode.c.h; path = MIKMIDIUtilities.h; sourceTree = "<group>"; };
		9D74EF6017A713A100BEE89F /* MIKMIDIUtilities.m */ = {isa = PBXFileReference; fileEncoding = 4; lastKnownFileType = sourcecode.c.objc; path = MIKMIDIUtilities.m; sourceTree = "<group>"; };
		9D74EF6117A713A100BEE89F /* NSUIApplication+MIKMIDI.h */ = {isa = PBXFileReference; fileEncoding = 4; lastKnownFileType = sourcecode.c.h; path = "NSUIApplication+MIKMIDI.h"; sourceTree = "<group>"; };
		9D74EF6217A713A100BEE89F /* NSUIApplication+MIKMIDI.m */ = {isa = PBXFileReference; fileEncoding = 4; lastKnownFileType = sourcecode.c.objc; path = "NSUIApplication+MIKMIDI.m"; sourceTree = "<group>"; };
		9D8BC91018071C00007E143C /* MIKMIDIChannelVoiceCommand_SubclassMethods.h */ = {isa = PBXFileReference; lastKnownFileType = sourcecode.c.h; path = MIKMIDIChannelVoiceCommand_SubclassMethods.h; sourceTree = "<group>"; };
		9DF99E771831841A004EE5F4 /* MIKMIDICommandThrottler.h */ = {isa = PBXFileReference; fileEncoding = 4; lastKnownFileType = sourcecode.c.h; path = MIKMIDICommandThrottler.h; sourceTree = "<group>"; };
		9DF99E781831841A004EE5F4 /* MIKMIDICommandThrottler.m */ = {isa = PBXFileReference; fileEncoding = 4; lastKnownFileType = sourcecode.c.objc; path = MIKMIDICommandThrottler.m; sourceTree = "<group>"; };
		9DF99E7B18318D44004EE5F4 /* MIKMIDIPrivateUtilities.h */ = {isa = PBXFileReference; fileEncoding = 4; lastKnownFileType = sourcecode.c.h; path = MIKMIDIPrivateUtilities.h; sourceTree = "<group>"; };
		9DF99E7C18318D44004EE5F4 /* MIKMIDIPrivateUtilities.m */ = {isa = PBXFileReference; fileEncoding = 4; lastKnownFileType = sourcecode.c.objc; path = MIKMIDIPrivateUtilities.m; sourceTree = "<group>"; };
		9DFDC2B61820305C00C4C66D /* MIKMIDIPrivate.h */ = {isa = PBXFileReference; fileEncoding = 4; lastKnownFileType = sourcecode.c.h; path = MIKMIDIPrivate.h; sourceTree = "<group>"; };
/* End PBXFileReference section */

/* Begin PBXFrameworksBuildPhase section */
		9D74EEA117A7129300BEE89F /* Frameworks */ = {
			isa = PBXFrameworksBuildPhase;
			buildActionMask = 2147483647;
			files = (
			);
			runOnlyForDeploymentPostprocessing = 0;
		};
/* End PBXFrameworksBuildPhase section */

/* Begin PBXGroup section */
		9D74EE9B17A7129300BEE89F = {
			isa = PBXGroup;
			children = (
				9D74EF2F17A713A100BEE89F /* Source */,
				9D74EEAF17A7129300BEE89F /* Supporting Files */,
				9D74EEBD17A712D000BEE89F /* Resources */,
				9D74EEA717A7129300BEE89F /* Frameworks */,
				9D74EEA617A7129300BEE89F /* Products */,
			);
			sourceTree = "<group>";
		};
		9D74EEA617A7129300BEE89F /* Products */ = {
			isa = PBXGroup;
			children = (
				9D74EEA517A7129300BEE89F /* MIKMIDI.framework */,
			);
			name = Products;
			sourceTree = "<group>";
		};
		9D74EEA717A7129300BEE89F /* Frameworks */ = {
			isa = PBXGroup;
			children = (
				9D74EF2D17A7133900BEE89F /* CoreMIDI.framework */,
				9D74EEA817A7129300BEE89F /* Cocoa.framework */,
				9D74EEAA17A7129300BEE89F /* Other Frameworks */,
			);
			name = Frameworks;
			sourceTree = "<group>";
		};
		9D74EEAA17A7129300BEE89F /* Other Frameworks */ = {
			isa = PBXGroup;
			children = (
				9D74EEAB17A7129300BEE89F /* AppKit.framework */,
				9D74EEAC17A7129300BEE89F /* CoreData.framework */,
				9D74EEAD17A7129300BEE89F /* Foundation.framework */,
			);
			name = "Other Frameworks";
			sourceTree = "<group>";
		};
		9D74EEAF17A7129300BEE89F /* Supporting Files */ = {
			isa = PBXGroup;
			children = (
				9D74EEBE17A712E900BEE89F /* MIKMIDI-Prefix.pch */,
			);
			name = "Supporting Files";
			path = MIKMIDI;
			sourceTree = "<group>";
		};
		9D74EEBD17A712D000BEE89F /* Resources */ = {
			isa = PBXGroup;
			children = (
				9D74EEC017A712F100BEE89F /* en.lproj */,
				9D74EEC317A712F100BEE89F /* MIKMIDI-Info.plist */,
			);
			name = Resources;
			path = MIKMIDI;
			sourceTree = "<group>";
		};
		9D74EEC017A712F100BEE89F /* en.lproj */ = {
			isa = PBXGroup;
			children = (
				9D74EEC117A712F100BEE89F /* InfoPlist.strings */,
			);
			path = en.lproj;
			sourceTree = SOURCE_ROOT;
		};
		9D74EF2F17A713A100BEE89F /* Source */ = {
			isa = PBXGroup;
			children = (
				9D74EF3017A713A100BEE89F /* MIKMIDI.h */,
				9D74EF5817A713A100BEE89F /* MIKMIDIResponder.h */,
				9D74EF6117A713A100BEE89F /* NSUIApplication+MIKMIDI.h */,
				9D74EF6217A713A100BEE89F /* NSUIApplication+MIKMIDI.m */,
				9D74EF4217A713A100BEE89F /* MIKMIDIErrors.h */,
				9D74EF4317A713A100BEE89F /* MIKMIDIErrors.m */,
				9DFDC2B61820305C00C4C66D /* MIKMIDIPrivate.h */,
				9DF99E731831837C004EE5F4 /* Device Support */,
				9DF99E75183183AF004EE5F4 /* Commands */,
				9DF99E7418318395004EE5F4 /* Mapping */,
				9DF99E76183183F6004EE5F4 /* Utilities */,
			);
			name = Source;
			path = ../Source;
			sourceTree = "<group>";
		};
		9DF99E731831837C004EE5F4 /* Device Support */ = {
			isa = PBXGroup;
			children = (
				9D74EF3C17A713A100BEE89F /* MIKMIDIDeviceManager.h */,
				9D74EF3D17A713A100BEE89F /* MIKMIDIDeviceManager.m */,
				9D74EF5017A713A100BEE89F /* MIKMIDIObject.h */,
				9D74EF5117A713A100BEE89F /* MIKMIDIObject.m */,
				9D74EF5217A713A100BEE89F /* MIKMIDIObject_SubclassMethods.h */,
				9D74EF3A17A713A100BEE89F /* MIKMIDIDevice.h */,
				9D74EF3B17A713A100BEE89F /* MIKMIDIDevice.m */,
				9D74EF4017A713A100BEE89F /* MIKMIDIEntity.h */,
				9D74EF4117A713A100BEE89F /* MIKMIDIEntity.m */,
				9D74EF5517A713A100BEE89F /* MIKMIDIPort.h */,
				9D74EF5617A713A100BEE89F /* MIKMIDIPort.m */,
				9D74EF5717A713A100BEE89F /* MIKMIDIPort_SubclassMethods.h */,
				9D74EF4417A713A100BEE89F /* MIKMIDIInputPort.h */,
				9D74EF4517A713A100BEE89F /* MIKMIDIInputPort.m */,
				9D74EF5317A713A100BEE89F /* MIKMIDIOutputPort.h */,
				9D74EF5417A713A100BEE89F /* MIKMIDIOutputPort.m */,
				9D74EF3E17A713A100BEE89F /* MIKMIDIEndpoint.h */,
				9D74EF3F17A713A100BEE89F /* MIKMIDIEndpoint.m */,
				9D74EF5917A713A100BEE89F /* MIKMIDISourceEndpoint.h */,
				9D74EF5A17A713A100BEE89F /* MIKMIDISourceEndpoint.m */,
				9D74EF3817A713A100BEE89F /* MIKMIDIDestinationEndpoint.h */,
				9D74EF3917A713A100BEE89F /* MIKMIDIDestinationEndpoint.m */,
			);
			name = "Device Support";
			sourceTree = "<group>";
		};
		9DF99E7418318395004EE5F4 /* Mapping */ = {
			isa = PBXGroup;
			children = (
				9D74EF4617A713A100BEE89F /* MIKMIDIMapping.h */,
				9D74EF4717A713A100BEE89F /* MIKMIDIMapping.m */,
				9D74EF4817A713A100BEE89F /* MIKMIDIMappingGenerator.h */,
				9D74EF4917A713A100BEE89F /* MIKMIDIMappingGenerator.m */,
				9D74EF4A17A713A100BEE89F /* MIKMIDIMappingManager.h */,
				9D74EF4B17A713A100BEE89F /* MIKMIDIMappingManager.m */,
			);
			name = Mapping;
			sourceTree = "<group>";
		};
		9DF99E75183183AF004EE5F4 /* Commands */ = {
			isa = PBXGroup;
			children = (
				9D74EF3317A713A100BEE89F /* MIKMIDICommand.h */,
				9D74EF3517A713A100BEE89F /* MIKMIDICommand_SubclassMethods.h */,
				9D74EF3417A713A100BEE89F /* MIKMIDICommand.m */,
				9D74EF3117A713A100BEE89F /* MIKMIDIChannelVoiceCommand.h */,
				9D8BC91018071C00007E143C /* MIKMIDIChannelVoiceCommand_SubclassMethods.h */,
				9D74EF3217A713A100BEE89F /* MIKMIDIChannelVoiceCommand.m */,
				9D74EF3617A713A100BEE89F /* MIKMIDIControlChangeCommand.h */,
				9D74EF3717A713A100BEE89F /* MIKMIDIControlChangeCommand.m */,
				9D74EF4E17A713A100BEE89F /* MIKMIDINoteOnCommand.h */,
				9D74EF4F17A713A100BEE89F /* MIKMIDINoteOnCommand.m */,
				9D74EF4C17A713A100BEE89F /* MIKMIDINoteOffCommand.h */,
				9D74EF4D17A713A100BEE89F /* MIKMIDINoteOffCommand.m */,
				9D74EF5D17A713A100BEE89F /* MIKMIDISystemMessageCommand.h */,
				9D74EF5E17A713A100BEE89F /* MIKMIDISystemMessageCommand.m */,
				9D74EF5B17A713A100BEE89F /* MIKMIDISystemExclusiveCommand.h */,
				9D74EF5C17A713A100BEE89F /* MIKMIDISystemExclusiveCommand.m */,
			);
			name = Commands;
			sourceTree = "<group>";
		};
		9DF99E76183183F6004EE5F4 /* Utilities */ = {
			isa = PBXGroup;
			children = (
				9DF99E771831841A004EE5F4 /* MIKMIDICommandThrottler.h */,
				9DF99E781831841A004EE5F4 /* MIKMIDICommandThrottler.m */,
				9D74EF5F17A713A100BEE89F /* MIKMIDIUtilities.h */,
				9D74EF6017A713A100BEE89F /* MIKMIDIUtilities.m */,
				9DF99E7B18318D44004EE5F4 /* MIKMIDIPrivateUtilities.h */,
				9DF99E7C18318D44004EE5F4 /* MIKMIDIPrivateUtilities.m */,
			);
			name = Utilities;
			sourceTree = "<group>";
		};
/* End PBXGroup section */

/* Begin PBXHeadersBuildPhase section */
		9D74EEA217A7129300BEE89F /* Headers */ = {
			isa = PBXHeadersBuildPhase;
			buildActionMask = 2147483647;
			files = (
				9D74EEBF17A712E900BEE89F /* MIKMIDI-Prefix.pch in Headers */,
				9D74EF6317A713A100BEE89F /* MIKMIDI.h in Headers */,
				9D74EF6417A713A100BEE89F /* MIKMIDIChannelVoiceCommand.h in Headers */,
				9D74EF6617A713A100BEE89F /* MIKMIDICommand.h in Headers */,
				9D74EF6817A713A100BEE89F /* MIKMIDICommand_SubclassMethods.h in Headers */,
				9D74EF6917A713A100BEE89F /* MIKMIDIControlChangeCommand.h in Headers */,
				9D74EF6B17A713A100BEE89F /* MIKMIDIDestinationEndpoint.h in Headers */,
				9D74EF6D17A713A100BEE89F /* MIKMIDIDevice.h in Headers */,
				9D74EF6F17A713A100BEE89F /* MIKMIDIDeviceManager.h in Headers */,
				9D74EF7117A713A100BEE89F /* MIKMIDIEndpoint.h in Headers */,
				9DF99E7D18318D44004EE5F4 /* MIKMIDIPrivateUtilities.h in Headers */,
				9D74EF7317A713A100BEE89F /* MIKMIDIEntity.h in Headers */,
				9D74EF7517A713A100BEE89F /* MIKMIDIErrors.h in Headers */,
				9D74EF7717A713A100BEE89F /* MIKMIDIInputPort.h in Headers */,
				9D74EF7917A713A100BEE89F /* MIKMIDIMapping.h in Headers */,
				9D74EF7B17A713A100BEE89F /* MIKMIDIMappingGenerator.h in Headers */,
				9D74EF7D17A713A100BEE89F /* MIKMIDIMappingManager.h in Headers */,
				9D74EF7F17A713A100BEE89F /* MIKMIDINoteOffCommand.h in Headers */,
				9D74EF8117A713A100BEE89F /* MIKMIDINoteOnCommand.h in Headers */,
				9D74EF8317A713A100BEE89F /* MIKMIDIObject.h in Headers */,
				9DFDC2B81820305C00C4C66D /* MIKMIDIPrivate.h in Headers */,
				9D74EF8517A713A100BEE89F /* MIKMIDIObject_SubclassMethods.h in Headers */,
				9D74EF8617A713A100BEE89F /* MIKMIDIOutputPort.h in Headers */,
				9D74EF8817A713A100BEE89F /* MIKMIDIPort.h in Headers */,
				9D74EF8A17A713A100BEE89F /* MIKMIDIPort_SubclassMethods.h in Headers */,
				9D74EF8B17A713A100BEE89F /* MIKMIDIResponder.h in Headers */,
				9D74EF8C17A713A100BEE89F /* MIKMIDISourceEndpoint.h in Headers */,
				9D74EF8E17A713A100BEE89F /* MIKMIDISystemExclusiveCommand.h in Headers */,
				9DF99E791831841A004EE5F4 /* MIKMIDICommandThrottler.h in Headers */,
				9D74EF9017A713A100BEE89F /* MIKMIDISystemMessageCommand.h in Headers */,
				9D74EF9217A713A100BEE89F /* MIKMIDIUtilities.h in Headers */,
				9D74EF9417A713A100BEE89F /* NSUIApplication+MIKMIDI.h in Headers */,
			);
			runOnlyForDeploymentPostprocessing = 0;
		};
/* End PBXHeadersBuildPhase section */

/* Begin PBXNativeTarget section */
		9D74EEA417A7129300BEE89F /* MIKMIDI */ = {
			isa = PBXNativeTarget;
			buildConfigurationList = 9D74EEBA17A7129300BEE89F /* Build configuration list for PBXNativeTarget "MIKMIDI" */;
			buildPhases = (
				9D74EEA017A7129300BEE89F /* Sources */,
				9D74EEA117A7129300BEE89F /* Frameworks */,
				9D74EEA217A7129300BEE89F /* Headers */,
				9D74EEA317A7129300BEE89F /* Resources */,
			);
			buildRules = (
			);
			dependencies = (
			);
			name = MIKMIDI;
			productName = MIKMIDI;
			productReference = 9D74EEA517A7129300BEE89F /* MIKMIDI.framework */;
			productType = "com.apple.product-type.framework";
		};
/* End PBXNativeTarget section */

/* Begin PBXProject section */
		9D74EE9C17A7129300BEE89F /* Project object */ = {
			isa = PBXProject;
			attributes = {
				LastUpgradeCheck = 0500;
				ORGANIZATIONNAME = "Mixed In Key";
			};
			buildConfigurationList = 9D74EE9F17A7129300BEE89F /* Build configuration list for PBXProject "MIKMIDI" */;
			compatibilityVersion = "Xcode 3.2";
			developmentRegion = English;
			hasScannedForEncodings = 0;
			knownRegions = (
				en,
			);
			mainGroup = 9D74EE9B17A7129300BEE89F;
			productRefGroup = 9D74EEA617A7129300BEE89F /* Products */;
			projectDirPath = "";
			projectRoot = "";
			targets = (
				9D74EEA417A7129300BEE89F /* MIKMIDI */,
			);
		};
/* End PBXProject section */

/* Begin PBXResourcesBuildPhase section */
		9D74EEA317A7129300BEE89F /* Resources */ = {
			isa = PBXResourcesBuildPhase;
			buildActionMask = 2147483647;
			files = (
				9D74EEC417A712F100BEE89F /* InfoPlist.strings in Resources */,
			);
			runOnlyForDeploymentPostprocessing = 0;
		};
/* End PBXResourcesBuildPhase section */

/* Begin PBXSourcesBuildPhase section */
		9D74EEA017A7129300BEE89F /* Sources */ = {
			isa = PBXSourcesBuildPhase;
			buildActionMask = 2147483647;
			files = (
				9D74EF6517A713A100BEE89F /* MIKMIDIChannelVoiceCommand.m in Sources */,
				9D74EF6717A713A100BEE89F /* MIKMIDICommand.m in Sources */,
				9D74EF6A17A713A100BEE89F /* MIKMIDIControlChangeCommand.m in Sources */,
				9D74EF6C17A713A100BEE89F /* MIKMIDIDestinationEndpoint.m in Sources */,
				9D74EF6E17A713A100BEE89F /* MIKMIDIDevice.m in Sources */,
				9D74EF7017A713A100BEE89F /* MIKMIDIDeviceManager.m in Sources */,
				9D74EF7217A713A100BEE89F /* MIKMIDIEndpoint.m in Sources */,
				9D74EF7417A713A100BEE89F /* MIKMIDIEntity.m in Sources */,
				9D74EF7617A713A100BEE89F /* MIKMIDIErrors.m in Sources */,
				9D74EF7817A713A100BEE89F /* MIKMIDIInputPort.m in Sources */,
				9D74EF7A17A713A100BEE89F /* MIKMIDIMapping.m in Sources */,
				9D74EF7C17A713A100BEE89F /* MIKMIDIMappingGenerator.m in Sources */,
				9D74EF7E17A713A100BEE89F /* MIKMIDIMappingManager.m in Sources */,
				9D74EF8017A713A100BEE89F /* MIKMIDINoteOffCommand.m in Sources */,
				9D74EF8217A713A100BEE89F /* MIKMIDINoteOnCommand.m in Sources */,
				9DF99E7A1831841A004EE5F4 /* MIKMIDICommandThrottler.m in Sources */,
				9DF99E7E18318D44004EE5F4 /* MIKMIDIPrivateUtilities.m in Sources */,
				9D74EF8417A713A100BEE89F /* MIKMIDIObject.m in Sources */,
				9D74EF8717A713A100BEE89F /* MIKMIDIOutputPort.m in Sources */,
				9D74EF8917A713A100BEE89F /* MIKMIDIPort.m in Sources */,
				9D74EF8D17A713A100BEE89F /* MIKMIDISourceEndpoint.m in Sources */,
				9D74EF8F17A713A100BEE89F /* MIKMIDISystemExclusiveCommand.m in Sources */,
				9D74EF9117A713A100BEE89F /* MIKMIDISystemMessageCommand.m in Sources */,
				9D74EF9317A713A100BEE89F /* MIKMIDIUtilities.m in Sources */,
				9D74EF9517A713A100BEE89F /* NSUIApplication+MIKMIDI.m in Sources */,
			);
			runOnlyForDeploymentPostprocessing = 0;
		};
/* End PBXSourcesBuildPhase section */

/* Begin PBXVariantGroup section */
		9D74EEC117A712F100BEE89F /* InfoPlist.strings */ = {
			isa = PBXVariantGroup;
			children = (
				9D74EEC217A712F100BEE89F /* en */,
			);
			name = InfoPlist.strings;
			sourceTree = "<group>";
		};
/* End PBXVariantGroup section */

/* Begin XCBuildConfiguration section */
		9D74EEB817A7129300BEE89F /* Debug */ = {
			isa = XCBuildConfiguration;
			buildSettings = {
				ALWAYS_SEARCH_USER_PATHS = NO;
				CLANG_CXX_LANGUAGE_STANDARD = "gnu++0x";
				CLANG_CXX_LIBRARY = "libc++";
				CLANG_ENABLE_MODULES = YES;
				CLANG_ENABLE_OBJC_ARC = YES;
				CLANG_WARN_CONSTANT_CONVERSION = YES;
				CLANG_WARN_EMPTY_BODY = YES;
				CLANG_WARN_ENUM_CONVERSION = YES;
				CLANG_WARN_INT_CONVERSION = YES;
				CLANG_WARN__DUPLICATE_METHOD_MATCH = YES;
				COPY_PHASE_STRIP = NO;
				GCC_C_LANGUAGE_STANDARD = gnu99;
				GCC_DYNAMIC_NO_PIC = NO;
				GCC_ENABLE_OBJC_EXCEPTIONS = YES;
				GCC_OPTIMIZATION_LEVEL = 0;
				GCC_PREPROCESSOR_DEFINITIONS = (
					"DEBUG=1",
					"$(inherited)",
				);
				GCC_SYMBOLS_PRIVATE_EXTERN = NO;
				GCC_WARN_64_TO_32_BIT_CONVERSION = YES;
				GCC_WARN_ABOUT_RETURN_TYPE = YES;
				GCC_WARN_UNINITIALIZED_AUTOS = YES;
				GCC_WARN_UNUSED_VARIABLE = YES;
				MACOSX_DEPLOYMENT_TARGET = 10.7;
				ONLY_ACTIVE_ARCH = YES;
				SDKROOT = macosx;
			};
			name = Debug;
		};
		9D74EEB917A7129300BEE89F /* Release */ = {
			isa = XCBuildConfiguration;
			buildSettings = {
				ALWAYS_SEARCH_USER_PATHS = NO;
				CLANG_CXX_LANGUAGE_STANDARD = "gnu++0x";
				CLANG_CXX_LIBRARY = "libc++";
				CLANG_ENABLE_MODULES = YES;
				CLANG_ENABLE_OBJC_ARC = YES;
				CLANG_WARN_CONSTANT_CONVERSION = YES;
				CLANG_WARN_EMPTY_BODY = YES;
				CLANG_WARN_ENUM_CONVERSION = YES;
				CLANG_WARN_INT_CONVERSION = YES;
				CLANG_WARN__DUPLICATE_METHOD_MATCH = YES;
				COPY_PHASE_STRIP = YES;
				DEBUG_INFORMATION_FORMAT = "dwarf-with-dsym";
				GCC_C_LANGUAGE_STANDARD = gnu99;
				GCC_ENABLE_OBJC_EXCEPTIONS = YES;
				GCC_WARN_64_TO_32_BIT_CONVERSION = YES;
				GCC_WARN_ABOUT_RETURN_TYPE = YES;
				GCC_WARN_UNINITIALIZED_AUTOS = YES;
				GCC_WARN_UNUSED_VARIABLE = YES;
				MACOSX_DEPLOYMENT_TARGET = 10.7;
				SDKROOT = macosx;
			};
			name = Release;
		};
		9D74EEBB17A7129300BEE89F /* Debug */ = {
			isa = XCBuildConfiguration;
			buildSettings = {
				CLANG_WARN_DOCUMENTATION_COMMENTS = YES;
				COMBINE_HIDPI_IMAGES = YES;
				DYLIB_COMPATIBILITY_VERSION = 1;
				DYLIB_CURRENT_VERSION = 1;
				FRAMEWORK_VERSION = A;
				GCC_PRECOMPILE_PREFIX_HEADER = YES;
				GCC_PREFIX_HEADER = "MIKMIDI-Prefix.pch";
				INFOPLIST_FILE = "MIKMIDI-Info.plist";
				LD_DYLIB_INSTALL_NAME = "@loader_path/../Frameworks/$(EXECUTABLE_PATH)";
				PRODUCT_NAME = "$(TARGET_NAME)";
				SKIP_INSTALL = YES;
				WRAPPER_EXTENSION = framework;
			};
			name = Debug;
		};
		9D74EEBC17A7129300BEE89F /* Release */ = {
			isa = XCBuildConfiguration;
			buildSettings = {
				CLANG_WARN_DOCUMENTATION_COMMENTS = YES;
				COMBINE_HIDPI_IMAGES = YES;
				DEPLOYMENT_POSTPROCESSING = YES;
				DYLIB_COMPATIBILITY_VERSION = 1;
				DYLIB_CURRENT_VERSION = 1;
				FRAMEWORK_VERSION = A;
				GCC_PRECOMPILE_PREFIX_HEADER = YES;
				GCC_PREFIX_HEADER = "MIKMIDI-Prefix.pch";
				INFOPLIST_FILE = "MIKMIDI-Info.plist";
				LD_DYLIB_INSTALL_NAME = "@loader_path/../Frameworks/$(EXECUTABLE_PATH)";
				PRODUCT_NAME = "$(TARGET_NAME)";
				SKIP_INSTALL = YES;
				WRAPPER_EXTENSION = framework;
			};
			name = Release;
		};
/* End XCBuildConfiguration section */

/* Begin XCConfigurationList section */
		9D74EE9F17A7129300BEE89F /* Build configuration list for PBXProject "MIKMIDI" */ = {
			isa = XCConfigurationList;
			buildConfigurations = (
				9D74EEB817A7129300BEE89F /* Debug */,
				9D74EEB917A7129300BEE89F /* Release */,
			);
			defaultConfigurationIsVisible = 0;
			defaultConfigurationName = Release;
		};
		9D74EEBA17A7129300BEE89F /* Build configuration list for PBXNativeTarget "MIKMIDI" */ = {
			isa = XCConfigurationList;
			buildConfigurations = (
				9D74EEBB17A7129300BEE89F /* Debug */,
				9D74EEBC17A7129300BEE89F /* Release */,
			);
			defaultConfigurationIsVisible = 0;
			defaultConfigurationName = Release;
		};
/* End XCConfigurationList section */
	};
	rootObject = 9D74EE9C17A7129300BEE89F /* Project object */;
}
