// !$*UTF8*$!
{
	archiveVersion = 1;
	classes = {
	};
	objectVersion = 55;
	objects = {

/* Begin PBXBuildFile section */
		9D06D8F3285CF90600D0D224 /* MIKAppDelegate.m in Sources */ = {isa = PBXBuildFile; fileRef = 9D06D8F2285CF90600D0D224 /* MIKAppDelegate.m */; };
		9D06D8F5285CF90700D0D224 /* Assets.xcassets in Resources */ = {isa = PBXBuildFile; fileRef = 9D06D8F4285CF90700D0D224 /* Assets.xcassets */; };
		9D06D8FA285CF90700D0D224 /* main.m in Sources */ = {isa = PBXBuildFile; fileRef = 9D06D8F9285CF90700D0D224 /* main.m */; };
		9D06D931285CFA8E00D0D224 /* Credits.rtf in Resources */ = {isa = PBXBuildFile; fileRef = 9D06D92D285CFA8E00D0D224 /* Credits.rtf */; };
		9D06D933285CFA8E00D0D224 /* MainMenu.xib in Resources */ = {isa = PBXBuildFile; fileRef = 9D06D92F285CFA8E00D0D224 /* MainMenu.xib */; };
		9D06D946285CFAFB00D0D224 /* MIKMIDI.framework in Frameworks */ = {isa = PBXBuildFile; fileRef = 9D06D93F285CFAE000D0D224 /* MIKMIDI.framework */; };
		9D06D947285CFAFB00D0D224 /* MIKMIDI.framework in Embed Frameworks */ = {isa = PBXBuildFile; fileRef = 9D06D93F285CFAE000D0D224 /* MIKMIDI.framework */; settings = {ATTRIBUTES = (CodeSignOnCopy, RemoveHeadersOnCopy, ); }; };
/* End PBXBuildFile section */

/* Begin PBXContainerItemProxy section */
		9D06D93E285CFAE000D0D224 /* PBXContainerItemProxy */ = {
			isa = PBXContainerItemProxy;
			containerPortal = 9D06D937285CFAE000D0D224 /* MIKMIDI.xcodeproj */;
			proxyType = 2;
			remoteGlobalIDString = 9D74EEA517A7129300BEE89F;
			remoteInfo = MIKMIDI;
		};
		9D06D940285CFAE000D0D224 /* PBXContainerItemProxy */ = {
			isa = PBXContainerItemProxy;
			containerPortal = 9D06D937285CFAE000D0D224 /* MIKMIDI.xcodeproj */;
			proxyType = 2;
			remoteGlobalIDString = 9DAF8B061A7AFF1100F46528;
			remoteInfo = "MIKMIDI-iOS";
		};
		9D06D942285CFAE000D0D224 /* PBXContainerItemProxy */ = {
			isa = PBXContainerItemProxy;
			containerPortal = 9D06D937285CFAE000D0D224 /* MIKMIDI.xcodeproj */;
			proxyType = 2;
			remoteGlobalIDString = 9D4DF13A1AAB57430065F004;
			remoteInfo = "MIKMIDI Tests";
		};
/* End PBXContainerItemProxy section */

/* Begin PBXCopyFilesBuildPhase section */
		9D06D948285CFAFB00D0D224 /* Embed Frameworks */ = {
			isa = PBXCopyFilesBuildPhase;
			buildActionMask = 2147483647;
			dstPath = "";
			dstSubfolderSpec = 10;
			files = (
				9D06D947285CFAFB00D0D224 /* MIKMIDI.framework in Embed Frameworks */,
			);
			name = "Embed Frameworks";
			runOnlyForDeploymentPostprocessing = 0;
		};
/* End PBXCopyFilesBuildPhase section */

/* Begin PBXFileReference section */
		9D06D8EE285CF90600D0D224 /* MIDI Testbed.app */ = {isa = PBXFileReference; explicitFileType = wrapper.application; includeInIndex = 0; path = "MIDI Testbed.app"; sourceTree = BUILT_PRODUCTS_DIR; };
		9D06D8F1285CF90600D0D224 /* MIKAppDelegate.h */ = {isa = PBXFileReference; lastKnownFileType = sourcecode.c.h; path = MIKAppDelegate.h; sourceTree = "<group>"; };
		9D06D8F2285CF90600D0D224 /* MIKAppDelegate.m */ = {isa = PBXFileReference; lastKnownFileType = sourcecode.c.objc; path = MIKAppDelegate.m; sourceTree = "<group>"; };
		9D06D8F4285CF90700D0D224 /* Assets.xcassets */ = {isa = PBXFileReference; lastKnownFileType = folder.assetcatalog; path = Assets.xcassets; sourceTree = "<group>"; };
		9D06D8F9285CF90700D0D224 /* main.m */ = {isa = PBXFileReference; lastKnownFileType = sourcecode.c.objc; path = main.m; sourceTree = "<group>"; };
		9D06D8FB285CF90700D0D224 /* MIDI_Testbed.entitlements */ = {isa = PBXFileReference; lastKnownFileType = text.plist.entitlements; path = MIDI_Testbed.entitlements; sourceTree = "<group>"; };
		9D06D92D285CFA8E00D0D224 /* Credits.rtf */ = {isa = PBXFileReference; fileEncoding = 4; lastKnownFileType = text.rtf; path = Credits.rtf; sourceTree = "<group>"; };
		9D06D92F285CFA8E00D0D224 /* MainMenu.xib */ = {isa = PBXFileReference; fileEncoding = 4; lastKnownFileType = file.xib; path = MainMenu.xib; sourceTree = "<group>"; };
		9D06D937285CFAE000D0D224 /* MIKMIDI.xcodeproj */ = {isa = PBXFileReference; lastKnownFileType = "wrapper.pb-project"; name = MIKMIDI.xcodeproj; path = ../../../../Framework/MIKMIDI.xcodeproj; sourceTree = "<group>"; };
/* End PBXFileReference section */

/* Begin PBXFrameworksBuildPhase section */
		9D06D8EB285CF90600D0D224 /* Frameworks */ = {
			isa = PBXFrameworksBuildPhase;
			buildActionMask = 2147483647;
			files = (
				9D06D946285CFAFB00D0D224 /* MIKMIDI.framework in Frameworks */,
			);
			runOnlyForDeploymentPostprocessing = 0;
		};
/* End PBXFrameworksBuildPhase section */

/* Begin PBXGroup section */
		9D06D8E5285CF90600D0D224 = {
			isa = PBXGroup;
			children = (
				9D06D8F0285CF90600D0D224 /* Sources */,
				9D06D91C285CFA0600D0D224 /* Resources */,
				9D06D945285CFAEB00D0D224 /* Frameworks */,
				9D06D8EF285CF90600D0D224 /* Products */,
			);
			sourceTree = "<group>";
		};
		9D06D8EF285CF90600D0D224 /* Products */ = {
			isa = PBXGroup;
			children = (
				9D06D8EE285CF90600D0D224 /* MIDI Testbed.app */,
			);
			name = Products;
			sourceTree = "<group>";
		};
		9D06D8F0285CF90600D0D224 /* Sources */ = {
			isa = PBXGroup;
			children = (
				9D06D8F1285CF90600D0D224 /* MIKAppDelegate.h */,
				9D06D8F2285CF90600D0D224 /* MIKAppDelegate.m */,
				9D06D936285CFAAF00D0D224 /* Other Sources */,
			);
			path = Sources;
			sourceTree = "<group>";
		};
		9D06D91C285CFA0600D0D224 /* Resources */ = {
			isa = PBXGroup;
			children = (
				9D06D935285CFA9300D0D224 /* XIBs */,
				9D06D8F4285CF90700D0D224 /* Assets.xcassets */,
				9D06D92D285CFA8E00D0D224 /* Credits.rtf */,
				9D06D8FB285CF90700D0D224 /* MIDI_Testbed.entitlements */,
			);
			path = Resources;
			sourceTree = "<group>";
		};
		9D06D935285CFA9300D0D224 /* XIBs */ = {
			isa = PBXGroup;
			children = (
				9D06D92F285CFA8E00D0D224 /* MainMenu.xib */,
			);
			name = XIBs;
			sourceTree = "<group>";
		};
		9D06D936285CFAAF00D0D224 /* Other Sources */ = {
			isa = PBXGroup;
			children = (
				9D06D8F9285CF90700D0D224 /* main.m */,
			);
			path = "Other Sources";
			sourceTree = "<group>";
		};
		9D06D938285CFAE000D0D224 /* Products */ = {
			isa = PBXGroup;
			children = (
				9D06D93F285CFAE000D0D224 /* MIKMIDI.framework */,
				9D06D941285CFAE000D0D224 /* MIKMIDI.framework */,
				9D06D943285CFAE000D0D224 /* MIKMIDI Tests.xctest */,
			);
			name = Products;
			sourceTree = "<group>";
		};
		9D06D945285CFAEB00D0D224 /* Frameworks */ = {
			isa = PBXGroup;
			children = (
				9D06D937285CFAE000D0D224 /* MIKMIDI.xcodeproj */,
			);
			name = Frameworks;
			sourceTree = "<group>";
		};
/* End PBXGroup section */

/* Begin PBXNativeTarget section */
		9D06D8ED285CF90600D0D224 /* MIDI Testbed */ = {
			isa = PBXNativeTarget;
			buildConfigurationList = 9D06D8FE285CF90700D0D224 /* Build configuration list for PBXNativeTarget "MIDI Testbed" */;
			buildPhases = (
				9D06D8EA285CF90600D0D224 /* Sources */,
				9D06D8EB285CF90600D0D224 /* Frameworks */,
				9D06D8EC285CF90600D0D224 /* Resources */,
				9D06D948285CFAFB00D0D224 /* Embed Frameworks */,
			);
			buildRules = (
			);
			dependencies = (
			);
			name = "MIDI Testbed";
			productName = "MIDI Testbed";
			productReference = 9D06D8EE285CF90600D0D224 /* MIDI Testbed.app */;
			productType = "com.apple.product-type.application";
		};
/* End PBXNativeTarget section */

/* Begin PBXProject section */
		9D06D8E6285CF90600D0D224 /* Project object */ = {
			isa = PBXProject;
			attributes = {
				BuildIndependentTargetsInParallel = 1;
				LastUpgradeCheck = 1340;
				TargetAttributes = {
					9D06D8ED285CF90600D0D224 = {
						CreatedOnToolsVersion = 13.4.1;
					};
				};
			};
			buildConfigurationList = 9D06D8E9285CF90600D0D224 /* Build configuration list for PBXProject "MIDI Testbed" */;
			compatibilityVersion = "Xcode 13.0";
			developmentRegion = en;
			hasScannedForEncodings = 0;
			knownRegions = (
				en,
				Base,
			);
			mainGroup = 9D06D8E5285CF90600D0D224;
			productRefGroup = 9D06D8EF285CF90600D0D224 /* Products */;
			projectDirPath = "";
			projectReferences = (
				{
					ProductGroup = 9D06D938285CFAE000D0D224 /* Products */;
					ProjectRef = 9D06D937285CFAE000D0D224 /* MIKMIDI.xcodeproj */;
				},
			);
			projectRoot = "";
			targets = (
				9D06D8ED285CF90600D0D224 /* MIDI Testbed */,
			);
		};
/* End PBXProject section */

/* Begin PBXReferenceProxy section */
		9D06D93F285CFAE000D0D224 /* MIKMIDI.framework */ = {
			isa = PBXReferenceProxy;
			fileType = wrapper.framework;
			path = MIKMIDI.framework;
			remoteRef = 9D06D93E285CFAE000D0D224 /* PBXContainerItemProxy */;
			sourceTree = BUILT_PRODUCTS_DIR;
		};
		9D06D941285CFAE000D0D224 /* MIKMIDI.framework */ = {
			isa = PBXReferenceProxy;
			fileType = wrapper.framework;
			path = MIKMIDI.framework;
			remoteRef = 9D06D940285CFAE000D0D224 /* PBXContainerItemProxy */;
			sourceTree = BUILT_PRODUCTS_DIR;
		};
		9D06D943285CFAE000D0D224 /* MIKMIDI Tests.xctest */ = {
			isa = PBXReferenceProxy;
			fileType = wrapper.cfbundle;
			path = "MIKMIDI Tests.xctest";
			remoteRef = 9D06D942285CFAE000D0D224 /* PBXContainerItemProxy */;
			sourceTree = BUILT_PRODUCTS_DIR;
		};
/* End PBXReferenceProxy section */

/* Begin PBXResourcesBuildPhase section */
		9D06D8EC285CF90600D0D224 /* Resources */ = {
			isa = PBXResourcesBuildPhase;
			buildActionMask = 2147483647;
			files = (
				9D06D8F5285CF90700D0D224 /* Assets.xcassets in Resources */,
				9D06D933285CFA8E00D0D224 /* MainMenu.xib in Resources */,
				9D06D931285CFA8E00D0D224 /* Credits.rtf in Resources */,
			);
			runOnlyForDeploymentPostprocessing = 0;
		};
/* End PBXResourcesBuildPhase section */

/* Begin PBXSourcesBuildPhase section */
		9D06D8EA285CF90600D0D224 /* Sources */ = {
			isa = PBXSourcesBuildPhase;
			buildActionMask = 2147483647;
			files = (
				9D06D8FA285CF90700D0D224 /* main.m in Sources */,
				9D06D8F3285CF90600D0D224 /* MIKAppDelegate.m in Sources */,
			);
			runOnlyForDeploymentPostprocessing = 0;
		};
/* End PBXSourcesBuildPhase section */

/* Begin XCBuildConfiguration section */
		9D06D8FC285CF90700D0D224 /* Debug */ = {
			isa = XCBuildConfiguration;
			buildSettings = {
				ALWAYS_SEARCH_USER_PATHS = NO;
				CLANG_ANALYZER_NONNULL = YES;
				CLANG_ANALYZER_NUMBER_OBJECT_CONVERSION = YES_AGGRESSIVE;
				CLANG_CXX_LANGUAGE_STANDARD = "gnu++17";
				CLANG_ENABLE_MODULES = YES;
				CLANG_ENABLE_OBJC_ARC = YES;
				CLANG_ENABLE_OBJC_WEAK = YES;
				CLANG_WARN_BLOCK_CAPTURE_AUTORELEASING = YES;
				CLANG_WARN_BOOL_CONVERSION = YES;
				CLANG_WARN_COMMA = YES;
				CLANG_WARN_CONSTANT_CONVERSION = YES;
				CLANG_WARN_DEPRECATED_OBJC_IMPLEMENTATIONS = YES;
				CLANG_WARN_DIRECT_OBJC_ISA_USAGE = YES_ERROR;
				CLANG_WARN_DOCUMENTATION_COMMENTS = YES;
				CLANG_WARN_EMPTY_BODY = YES;
				CLANG_WARN_ENUM_CONVERSION = YES;
				CLANG_WARN_INFINITE_RECURSION = YES;
				CLANG_WARN_INT_CONVERSION = YES;
				CLANG_WARN_NON_LITERAL_NULL_CONVERSION = YES;
				CLANG_WARN_OBJC_IMPLICIT_RETAIN_SELF = YES;
				CLANG_WARN_OBJC_LITERAL_CONVERSION = YES;
				CLANG_WARN_OBJC_ROOT_CLASS = YES_ERROR;
				CLANG_WARN_QUOTED_INCLUDE_IN_FRAMEWORK_HEADER = YES;
				CLANG_WARN_RANGE_LOOP_ANALYSIS = YES;
				CLANG_WARN_STRICT_PROTOTYPES = YES;
				CLANG_WARN_SUSPICIOUS_MOVE = YES;
				CLANG_WARN_UNGUARDED_AVAILABILITY = YES_AGGRESSIVE;
				CLANG_WARN_UNREACHABLE_CODE = YES;
				CLANG_WARN__DUPLICATE_METHOD_MATCH = YES;
				COPY_PHASE_STRIP = NO;
				DEBUG_INFORMATION_FORMAT = dwarf;
				ENABLE_STRICT_OBJC_MSGSEND = YES;
				ENABLE_TESTABILITY = YES;
				GCC_C_LANGUAGE_STANDARD = gnu11;
				GCC_DYNAMIC_NO_PIC = NO;
				GCC_NO_COMMON_BLOCKS = YES;
				GCC_OPTIMIZATION_LEVEL = 0;
				GCC_PREPROCESSOR_DEFINITIONS = (
					"DEBUG=1",
					"$(inherited)",
				);
				GCC_WARN_64_TO_32_BIT_CONVERSION = YES;
				GCC_WARN_ABOUT_RETURN_TYPE = YES_ERROR;
				GCC_WARN_UNDECLARED_SELECTOR = YES;
				GCC_WARN_UNINITIALIZED_AUTOS = YES_AGGRESSIVE;
				GCC_WARN_UNUSED_FUNCTION = YES;
				GCC_WARN_UNUSED_VARIABLE = YES;
				MACOSX_DEPLOYMENT_TARGET = 12.3;
				MTL_ENABLE_DEBUG_INFO = INCLUDE_SOURCE;
				MTL_FAST_MATH = YES;
				ONLY_ACTIVE_ARCH = YES;
				SDKROOT = macosx;
			};
			name = Debug;
		};
		9D06D8FD285CF90700D0D224 /* Release */ = {
			isa = XCBuildConfiguration;
			buildSettings = {
				ALWAYS_SEARCH_USER_PATHS = NO;
				CLANG_ANALYZER_NONNULL = YES;
				CLANG_ANALYZER_NUMBER_OBJECT_CONVERSION = YES_AGGRESSIVE;
				CLANG_CXX_LANGUAGE_STANDARD = "gnu++17";
				CLANG_ENABLE_MODULES = YES;
				CLANG_ENABLE_OBJC_ARC = YES;
				CLANG_ENABLE_OBJC_WEAK = YES;
				CLANG_WARN_BLOCK_CAPTURE_AUTORELEASING = YES;
				CLANG_WARN_BOOL_CONVERSION = YES;
				CLANG_WARN_COMMA = YES;
				CLANG_WARN_CONSTANT_CONVERSION = YES;
				CLANG_WARN_DEPRECATED_OBJC_IMPLEMENTATIONS = YES;
				CLANG_WARN_DIRECT_OBJC_ISA_USAGE = YES_ERROR;
				CLANG_WARN_DOCUMENTATION_COMMENTS = YES;
				CLANG_WARN_EMPTY_BODY = YES;
				CLANG_WARN_ENUM_CONVERSION = YES;
				CLANG_WARN_INFINITE_RECURSION = YES;
				CLANG_WARN_INT_CONVERSION = YES;
				CLANG_WARN_NON_LITERAL_NULL_CONVERSION = YES;
				CLANG_WARN_OBJC_IMPLICIT_RETAIN_SELF = YES;
				CLANG_WARN_OBJC_LITERAL_CONVERSION = YES;
				CLANG_WARN_OBJC_ROOT_CLASS = YES_ERROR;
				CLANG_WARN_QUOTED_INCLUDE_IN_FRAMEWORK_HEADER = YES;
				CLANG_WARN_RANGE_LOOP_ANALYSIS = YES;
				CLANG_WARN_STRICT_PROTOTYPES = YES;
				CLANG_WARN_SUSPICIOUS_MOVE = YES;
				CLANG_WARN_UNGUARDED_AVAILABILITY = YES_AGGRESSIVE;
				CLANG_WARN_UNREACHABLE_CODE = YES;
				CLANG_WARN__DUPLICATE_METHOD_MATCH = YES;
				COPY_PHASE_STRIP = NO;
				DEBUG_INFORMATION_FORMAT = "dwarf-with-dsym";
				ENABLE_NS_ASSERTIONS = NO;
				ENABLE_STRICT_OBJC_MSGSEND = YES;
				GCC_C_LANGUAGE_STANDARD = gnu11;
				GCC_NO_COMMON_BLOCKS = YES;
				GCC_WARN_64_TO_32_BIT_CONVERSION = YES;
				GCC_WARN_ABOUT_RETURN_TYPE = YES_ERROR;
				GCC_WARN_UNDECLARED_SELECTOR = YES;
				GCC_WARN_UNINITIALIZED_AUTOS = YES_AGGRESSIVE;
				GCC_WARN_UNUSED_FUNCTION = YES;
				GCC_WARN_UNUSED_VARIABLE = YES;
				MACOSX_DEPLOYMENT_TARGET = 12.3;
				MTL_ENABLE_DEBUG_INFO = NO;
				MTL_FAST_MATH = YES;
				SDKROOT = macosx;
			};
			name = Release;
		};
		9D06D8FF285CF90700D0D224 /* Debug */ = {
			isa = XCBuildConfiguration;
			buildSettings = {
				ASSETCATALOG_COMPILER_APPICON_NAME = AppIcon;
				ASSETCATALOG_COMPILER_GLOBAL_ACCENT_COLOR_NAME = AccentColor;
				CODE_SIGN_ENTITLEMENTS = Resources/MIDI_Testbed.entitlements;
				CODE_SIGN_STYLE = Automatic;
				COMBINE_HIDPI_IMAGES = YES;
				CURRENT_PROJECT_VERSION = 1;
				DEVELOPMENT_TEAM = T4A2E2DEM7;
				ENABLE_HARDENED_RUNTIME = YES;
				GENERATE_INFOPLIST_FILE = YES;
				INFOPLIST_KEY_NSHumanReadableCopyright = "";
				INFOPLIST_KEY_NSMainNibFile = MainMenu;
				INFOPLIST_KEY_NSPrincipalClass = NSApplication;
				LD_RUNPATH_SEARCH_PATHS = (
					"$(inherited)",
					"@executable_path/../Frameworks",
				);
				MARKETING_VERSION = 1.0;
				PRODUCT_BUNDLE_IDENTIFIER = "com.mixedinkey.MIDI-Testbed";
				PRODUCT_NAME = "$(TARGET_NAME)";
				SWIFT_EMIT_LOC_STRINGS = YES;
			};
			name = Debug;
		};
		9D06D900285CF90700D0D224 /* Release */ = {
			isa = XCBuildConfiguration;
			buildSettings = {
				ASSETCATALOG_COMPILER_APPICON_NAME = AppIcon;
				ASSETCATALOG_COMPILER_GLOBAL_ACCENT_COLOR_NAME = AccentColor;
				CODE_SIGN_ENTITLEMENTS = Resources/MIDI_Testbed.entitlements;
				CODE_SIGN_STYLE = Automatic;
				COMBINE_HIDPI_IMAGES = YES;
				CURRENT_PROJECT_VERSION = 1;
				DEVELOPMENT_TEAM = T4A2E2DEM7;
				ENABLE_HARDENED_RUNTIME = YES;
				GENERATE_INFOPLIST_FILE = YES;
				INFOPLIST_KEY_NSHumanReadableCopyright = "";
				INFOPLIST_KEY_NSMainNibFile = MainMenu;
				INFOPLIST_KEY_NSPrincipalClass = NSApplication;
				LD_RUNPATH_SEARCH_PATHS = (
					"$(inherited)",
					"@executable_path/../Frameworks",
				);
				MARKETING_VERSION = 1.0;
				PRODUCT_BUNDLE_IDENTIFIER = "com.mixedinkey.MIDI-Testbed";
				PRODUCT_NAME = "$(TARGET_NAME)";
				SWIFT_EMIT_LOC_STRINGS = YES;
			};
			name = Release;
		};
/* End XCBuildConfiguration section */

/* Begin XCConfigurationList section */
		9D06D8E9285CF90600D0D224 /* Build configuration list for PBXProject "MIDI Testbed" */ = {
			isa = XCConfigurationList;
			buildConfigurations = (
				9D06D8FC285CF90700D0D224 /* Debug */,
				9D06D8FD285CF90700D0D224 /* Release */,
			);
			defaultConfigurationIsVisible = 0;
			defaultConfigurationName = Release;
		};
		9D06D8FE285CF90700D0D224 /* Build configuration list for PBXNativeTarget "MIDI Testbed" */ = {
			isa = XCConfigurationList;
			buildConfigurations = (
				9D06D8FF285CF90700D0D224 /* Debug */,
				9D06D900285CF90700D0D224 /* Release */,
			);
			defaultConfigurationIsVisible = 0;
			defaultConfigurationName = Release;
		};
/* End XCConfigurationList section */
	};
	rootObject = 9D06D8E6285CF90600D0D224 /* Project object */;
}
